
Microsoft Visual Studio Solution File, Format Version 12.00
# Visual Studio 15
VisualStudioVersion = 15.0.26403.7
MinimumVisualStudioVersion = 10.0.40219.1
Project("{FAE04EC0-301F-11D3-BF4B-00C04F79EFBC}") = "WeatherApp.Droid", "WeatherApp\WeatherApp.Droid\WeatherApp.Droid.csproj", "{F90BF25A-D3AA-491A-B29A-17F52D5678D6}"
EndProject
Project("{FAE04EC0-301F-11D3-BF4B-00C04F79EFBC}") = "WeatherApp", "WeatherApp\WeatherApp\WeatherApp.csproj", "{247CE0B4-3B55-4868-AEFC-5F9134769971}"
EndProject
Project("{FAE04EC0-301F-11D3-BF4B-00C04F79EFBC}") = "Weather.Forms", "Weather.Forms\Weather.Forms.csproj", "{67F9D3B9-F71E-4428-913F-C37AE82CDB24}"
EndProject
Project("{FAE04EC0-301F-11D3-BF4B-00C04F79EFBC}") = "Xamarin.Forms.Platform.Android", "..\Xamarin.Forms\Xamarin.Forms.Platform.Android\Xamarin.Forms.Platform.Android.csproj", "{0E16E70A-D6DD-4323-AD5D-363ABFF42D6A}"
EndProject
Project("{FAE04EC0-301F-11D3-BF4B-00C04F79EFBC}") = "Xamarin.Forms.Core", "..\Xamarin.Forms\Xamarin.Forms.Core\Xamarin.Forms.Core.csproj", "{57B8B73D-C3B5-4C42-869E-7B2F17D354AC}"
EndProject
Project("{FAE04EC0-301F-11D3-BF4B-00C04F79EFBC}") = "Xamarin.Forms.Platform.Android.FormsViewGroup", "..\Xamarin.Forms\Xamarin.Forms.Platform.Android.FormsViewGroup\Xamarin.Forms.Platform.Android.FormsViewGroup.csproj", "{3B72465B-ACAE-43AE-9327-10F372FE5F80}"
EndProject
Project("{9344BDBB-3E7F-41FC-A0DD-8665D75EE146}") = "WeatherApp.iOS", "WeatherApp\WeatherApp.iOS\WeatherApp.iOS.csproj", "{9B50E089-12BA-4DC0-902E-663FE4E6BC5A}"
EndProject
Project("{9344BDBB-3E7F-41FC-A0DD-8665D75EE146}") = "WeatherApp.UWP", "WeatherApp\WeatherApp.UWP\WeatherApp.UWP.csproj", "{4544A9A9-A5B2-4B0A-825D-A110359E5ED7}"
EndProject
Project("{FAE04EC0-301F-11D3-BF4B-00C04F79EFBC}") = "Xamarin.Forms.Platform", "..\Xamarin.Forms\Xamarin.Forms.Platform\Xamarin.Forms.Platform.csproj", "{67F9D3A8-F71E-4428-913F-C37AE82CDB24}"
EndProject
Project("{FAE04EC0-301F-11D3-BF4B-00C04F79EFBC}") = "Xamarin.Forms.Xaml", "..\Xamarin.Forms\Xamarin.Forms.Xaml\Xamarin.Forms.Xaml.csproj", "{9DB2F292-8034-4E06-89AD-98BBDA4306B9}"
EndProject
Global
	GlobalSection(SolutionConfigurationPlatforms) = preSolution
		AppStore|Any CPU = AppStore|Any CPU
		AppStore|ARM = AppStore|ARM
		AppStore|iPhone = AppStore|iPhone
		AppStore|iPhoneSimulator = AppStore|iPhoneSimulator
		AppStore|x64 = AppStore|x64
		AppStore|x86 = AppStore|x86
		Debug|Any CPU = Debug|Any CPU
		Debug|ARM = Debug|ARM
		Debug|iPhone = Debug|iPhone
		Debug|iPhoneSimulator = Debug|iPhoneSimulator
		Debug|x64 = Debug|x64
		Debug|x86 = Debug|x86
		Release|Any CPU = Release|Any CPU
		Release|ARM = Release|ARM
		Release|iPhone = Release|iPhone
		Release|iPhoneSimulator = Release|iPhoneSimulator
		Release|x64 = Release|x64
		Release|x86 = Release|x86
		Turkey|Any CPU = Turkey|Any CPU
	EndGlobalSection
	GlobalSection(ProjectConfigurationPlatforms) = postSolution
		{F90BF25A-D3AA-491A-B29A-17F52D5678D6}.AppStore|Any CPU.ActiveCfg = Release|Any CPU
		{F90BF25A-D3AA-491A-B29A-17F52D5678D6}.AppStore|Any CPU.Build.0 = Release|Any CPU
		{F90BF25A-D3AA-491A-B29A-17F52D5678D6}.AppStore|Any CPU.Deploy.0 = Release|Any CPU
		{F90BF25A-D3AA-491A-B29A-17F52D5678D6}.AppStore|ARM.ActiveCfg = Release|Any CPU
		{F90BF25A-D3AA-491A-B29A-17F52D5678D6}.AppStore|ARM.Build.0 = Release|Any CPU
		{F90BF25A-D3AA-491A-B29A-17F52D5678D6}.AppStore|ARM.Deploy.0 = Release|Any CPU
		{F90BF25A-D3AA-491A-B29A-17F52D5678D6}.AppStore|iPhone.ActiveCfg = Release|Any CPU
		{F90BF25A-D3AA-491A-B29A-17F52D5678D6}.AppStore|iPhone.Build.0 = Release|Any CPU
		{F90BF25A-D3AA-491A-B29A-17F52D5678D6}.AppStore|iPhone.Deploy.0 = Release|Any CPU
		{F90BF25A-D3AA-491A-B29A-17F52D5678D6}.AppStore|iPhoneSimulator.ActiveCfg = Release|Any CPU
		{F90BF25A-D3AA-491A-B29A-17F52D5678D6}.AppStore|iPhoneSimulator.Build.0 = Release|Any CPU
		{F90BF25A-D3AA-491A-B29A-17F52D5678D6}.AppStore|iPhoneSimulator.Deploy.0 = Release|Any CPU
		{F90BF25A-D3AA-491A-B29A-17F52D5678D6}.AppStore|x64.ActiveCfg = Debug|Any CPU
		{F90BF25A-D3AA-491A-B29A-17F52D5678D6}.AppStore|x64.Build.0 = Debug|Any CPU
		{F90BF25A-D3AA-491A-B29A-17F52D5678D6}.AppStore|x64.Deploy.0 = Debug|Any CPU
		{F90BF25A-D3AA-491A-B29A-17F52D5678D6}.AppStore|x86.ActiveCfg = Release|Any CPU
		{F90BF25A-D3AA-491A-B29A-17F52D5678D6}.AppStore|x86.Build.0 = Release|Any CPU
		{F90BF25A-D3AA-491A-B29A-17F52D5678D6}.AppStore|x86.Deploy.0 = Release|Any CPU
		{F90BF25A-D3AA-491A-B29A-17F52D5678D6}.Debug|Any CPU.ActiveCfg = Debug|Any CPU
		{F90BF25A-D3AA-491A-B29A-17F52D5678D6}.Debug|Any CPU.Build.0 = Debug|Any CPU
		{F90BF25A-D3AA-491A-B29A-17F52D5678D6}.Debug|Any CPU.Deploy.0 = Debug|Any CPU
		{F90BF25A-D3AA-491A-B29A-17F52D5678D6}.Debug|ARM.ActiveCfg = Debug|Any CPU
		{F90BF25A-D3AA-491A-B29A-17F52D5678D6}.Debug|ARM.Build.0 = Debug|Any CPU
		{F90BF25A-D3AA-491A-B29A-17F52D5678D6}.Debug|ARM.Deploy.0 = Debug|Any CPU
		{F90BF25A-D3AA-491A-B29A-17F52D5678D6}.Debug|iPhone.ActiveCfg = Debug|Any CPU
		{F90BF25A-D3AA-491A-B29A-17F52D5678D6}.Debug|iPhone.Build.0 = Debug|Any CPU
		{F90BF25A-D3AA-491A-B29A-17F52D5678D6}.Debug|iPhone.Deploy.0 = Debug|Any CPU
		{F90BF25A-D3AA-491A-B29A-17F52D5678D6}.Debug|iPhoneSimulator.ActiveCfg = Debug|Any CPU
		{F90BF25A-D3AA-491A-B29A-17F52D5678D6}.Debug|iPhoneSimulator.Build.0 = Debug|Any CPU
		{F90BF25A-D3AA-491A-B29A-17F52D5678D6}.Debug|iPhoneSimulator.Deploy.0 = Debug|Any CPU
		{F90BF25A-D3AA-491A-B29A-17F52D5678D6}.Debug|x64.ActiveCfg = Debug|Any CPU
		{F90BF25A-D3AA-491A-B29A-17F52D5678D6}.Debug|x64.Build.0 = Debug|Any CPU
		{F90BF25A-D3AA-491A-B29A-17F52D5678D6}.Debug|x64.Deploy.0 = Debug|Any CPU
		{F90BF25A-D3AA-491A-B29A-17F52D5678D6}.Debug|x86.ActiveCfg = Debug|Any CPU
		{F90BF25A-D3AA-491A-B29A-17F52D5678D6}.Debug|x86.Build.0 = Debug|Any CPU
		{F90BF25A-D3AA-491A-B29A-17F52D5678D6}.Debug|x86.Deploy.0 = Debug|Any CPU
		{F90BF25A-D3AA-491A-B29A-17F52D5678D6}.Release|Any CPU.ActiveCfg = Release|Any CPU
		{F90BF25A-D3AA-491A-B29A-17F52D5678D6}.Release|Any CPU.Build.0 = Release|Any CPU
		{F90BF25A-D3AA-491A-B29A-17F52D5678D6}.Release|Any CPU.Deploy.0 = Release|Any CPU
		{F90BF25A-D3AA-491A-B29A-17F52D5678D6}.Release|ARM.ActiveCfg = Release|Any CPU
		{F90BF25A-D3AA-491A-B29A-17F52D5678D6}.Release|ARM.Build.0 = Release|Any CPU
		{F90BF25A-D3AA-491A-B29A-17F52D5678D6}.Release|ARM.Deploy.0 = Release|Any CPU
		{F90BF25A-D3AA-491A-B29A-17F52D5678D6}.Release|iPhone.ActiveCfg = Release|Any CPU
		{F90BF25A-D3AA-491A-B29A-17F52D5678D6}.Release|iPhone.Build.0 = Release|Any CPU
		{F90BF25A-D3AA-491A-B29A-17F52D5678D6}.Release|iPhone.Deploy.0 = Release|Any CPU
		{F90BF25A-D3AA-491A-B29A-17F52D5678D6}.Release|iPhoneSimulator.ActiveCfg = Release|Any CPU
		{F90BF25A-D3AA-491A-B29A-17F52D5678D6}.Release|iPhoneSimulator.Build.0 = Release|Any CPU
		{F90BF25A-D3AA-491A-B29A-17F52D5678D6}.Release|iPhoneSimulator.Deploy.0 = Release|Any CPU
		{F90BF25A-D3AA-491A-B29A-17F52D5678D6}.Release|x64.ActiveCfg = Release|Any CPU
		{F90BF25A-D3AA-491A-B29A-17F52D5678D6}.Release|x64.Build.0 = Release|Any CPU
		{F90BF25A-D3AA-491A-B29A-17F52D5678D6}.Release|x64.Deploy.0 = Release|Any CPU
		{F90BF25A-D3AA-491A-B29A-17F52D5678D6}.Release|x86.ActiveCfg = Release|Any CPU
		{F90BF25A-D3AA-491A-B29A-17F52D5678D6}.Release|x86.Build.0 = Release|Any CPU
		{F90BF25A-D3AA-491A-B29A-17F52D5678D6}.Release|x86.Deploy.0 = Release|Any CPU
		{F90BF25A-D3AA-491A-B29A-17F52D5678D6}.Turkey|Any CPU.ActiveCfg = Debug|Any CPU
		{F90BF25A-D3AA-491A-B29A-17F52D5678D6}.Turkey|Any CPU.Build.0 = Debug|Any CPU
		{247CE0B4-3B55-4868-AEFC-5F9134769971}.AppStore|Any CPU.ActiveCfg = Release|Any CPU
		{247CE0B4-3B55-4868-AEFC-5F9134769971}.AppStore|Any CPU.Build.0 = Release|Any CPU
		{247CE0B4-3B55-4868-AEFC-5F9134769971}.AppStore|ARM.ActiveCfg = Release|Any CPU
		{247CE0B4-3B55-4868-AEFC-5F9134769971}.AppStore|ARM.Build.0 = Release|Any CPU
		{247CE0B4-3B55-4868-AEFC-5F9134769971}.AppStore|iPhone.ActiveCfg = Release|Any CPU
		{247CE0B4-3B55-4868-AEFC-5F9134769971}.AppStore|iPhone.Build.0 = Release|Any CPU
		{247CE0B4-3B55-4868-AEFC-5F9134769971}.AppStore|iPhoneSimulator.ActiveCfg = Release|Any CPU
		{247CE0B4-3B55-4868-AEFC-5F9134769971}.AppStore|iPhoneSimulator.Build.0 = Release|Any CPU
		{247CE0B4-3B55-4868-AEFC-5F9134769971}.AppStore|x64.ActiveCfg = Debug|Any CPU
		{247CE0B4-3B55-4868-AEFC-5F9134769971}.AppStore|x64.Build.0 = Debug|Any CPU
		{247CE0B4-3B55-4868-AEFC-5F9134769971}.AppStore|x86.ActiveCfg = Release|Any CPU
		{247CE0B4-3B55-4868-AEFC-5F9134769971}.AppStore|x86.Build.0 = Release|Any CPU
		{247CE0B4-3B55-4868-AEFC-5F9134769971}.Debug|Any CPU.ActiveCfg = Debug|Any CPU
		{247CE0B4-3B55-4868-AEFC-5F9134769971}.Debug|Any CPU.Build.0 = Debug|Any CPU
		{247CE0B4-3B55-4868-AEFC-5F9134769971}.Debug|ARM.ActiveCfg = Debug|Any CPU
		{247CE0B4-3B55-4868-AEFC-5F9134769971}.Debug|ARM.Build.0 = Debug|Any CPU
		{247CE0B4-3B55-4868-AEFC-5F9134769971}.Debug|iPhone.ActiveCfg = Debug|Any CPU
		{247CE0B4-3B55-4868-AEFC-5F9134769971}.Debug|iPhone.Build.0 = Debug|Any CPU
		{247CE0B4-3B55-4868-AEFC-5F9134769971}.Debug|iPhoneSimulator.ActiveCfg = Debug|Any CPU
		{247CE0B4-3B55-4868-AEFC-5F9134769971}.Debug|iPhoneSimulator.Build.0 = Debug|Any CPU
		{247CE0B4-3B55-4868-AEFC-5F9134769971}.Debug|x64.ActiveCfg = Debug|Any CPU
		{247CE0B4-3B55-4868-AEFC-5F9134769971}.Debug|x64.Build.0 = Debug|Any CPU
		{247CE0B4-3B55-4868-AEFC-5F9134769971}.Debug|x86.ActiveCfg = Debug|Any CPU
		{247CE0B4-3B55-4868-AEFC-5F9134769971}.Debug|x86.Build.0 = Debug|Any CPU
		{247CE0B4-3B55-4868-AEFC-5F9134769971}.Release|Any CPU.ActiveCfg = Release|Any CPU
		{247CE0B4-3B55-4868-AEFC-5F9134769971}.Release|Any CPU.Build.0 = Release|Any CPU
		{247CE0B4-3B55-4868-AEFC-5F9134769971}.Release|ARM.ActiveCfg = Release|Any CPU
		{247CE0B4-3B55-4868-AEFC-5F9134769971}.Release|ARM.Build.0 = Release|Any CPU
		{247CE0B4-3B55-4868-AEFC-5F9134769971}.Release|iPhone.ActiveCfg = Release|Any CPU
		{247CE0B4-3B55-4868-AEFC-5F9134769971}.Release|iPhone.Build.0 = Release|Any CPU
		{247CE0B4-3B55-4868-AEFC-5F9134769971}.Release|iPhoneSimulator.ActiveCfg = Release|Any CPU
		{247CE0B4-3B55-4868-AEFC-5F9134769971}.Release|iPhoneSimulator.Build.0 = Release|Any CPU
		{247CE0B4-3B55-4868-AEFC-5F9134769971}.Release|x64.ActiveCfg = Release|Any CPU
		{247CE0B4-3B55-4868-AEFC-5F9134769971}.Release|x64.Build.0 = Release|Any CPU
		{247CE0B4-3B55-4868-AEFC-5F9134769971}.Release|x86.ActiveCfg = Release|Any CPU
		{247CE0B4-3B55-4868-AEFC-5F9134769971}.Release|x86.Build.0 = Release|Any CPU
		{247CE0B4-3B55-4868-AEFC-5F9134769971}.Turkey|Any CPU.ActiveCfg = Debug|Any CPU
		{247CE0B4-3B55-4868-AEFC-5F9134769971}.Turkey|Any CPU.Build.0 = Debug|Any CPU
		{67F9D3A8-F71E-4428-913F-C37AE82CDB24}.AppStore|Any CPU.ActiveCfg = Release|Any CPU
		{67F9D3A8-F71E-4428-913F-C37AE82CDB24}.AppStore|Any CPU.Build.0 = Release|Any CPU
		{67F9D3A8-F71E-4428-913F-C37AE82CDB24}.AppStore|ARM.ActiveCfg = Release|Any CPU
		{67F9D3A8-F71E-4428-913F-C37AE82CDB24}.AppStore|ARM.Build.0 = Release|Any CPU
		{67F9D3A8-F71E-4428-913F-C37AE82CDB24}.AppStore|iPhone.ActiveCfg = Release|Any CPU
		{67F9D3A8-F71E-4428-913F-C37AE82CDB24}.AppStore|iPhone.Build.0 = Release|Any CPU
		{67F9D3A8-F71E-4428-913F-C37AE82CDB24}.AppStore|iPhoneSimulator.ActiveCfg = Release|Any CPU
		{67F9D3A8-F71E-4428-913F-C37AE82CDB24}.AppStore|iPhoneSimulator.Build.0 = Release|Any CPU
		{67F9D3A8-F71E-4428-913F-C37AE82CDB24}.AppStore|x64.ActiveCfg = Debug|Any CPU
		{67F9D3A8-F71E-4428-913F-C37AE82CDB24}.AppStore|x64.Build.0 = Debug|Any CPU
		{67F9D3A8-F71E-4428-913F-C37AE82CDB24}.AppStore|x86.ActiveCfg = Release|Any CPU
		{67F9D3A8-F71E-4428-913F-C37AE82CDB24}.AppStore|x86.Build.0 = Release|Any CPU
		{67F9D3A8-F71E-4428-913F-C37AE82CDB24}.Debug|Any CPU.ActiveCfg = Debug|Any CPU
		{67F9D3A8-F71E-4428-913F-C37AE82CDB24}.Debug|Any CPU.Build.0 = Debug|Any CPU
		{67F9D3A8-F71E-4428-913F-C37AE82CDB24}.Debug|ARM.ActiveCfg = Debug|Any CPU
		{67F9D3A8-F71E-4428-913F-C37AE82CDB24}.Debug|ARM.Build.0 = Debug|Any CPU
		{67F9D3A8-F71E-4428-913F-C37AE82CDB24}.Debug|iPhone.ActiveCfg = Debug|Any CPU
		{67F9D3A8-F71E-4428-913F-C37AE82CDB24}.Debug|iPhone.Build.0 = Debug|Any CPU
		{67F9D3A8-F71E-4428-913F-C37AE82CDB24}.Debug|iPhoneSimulator.ActiveCfg = Debug|Any CPU
		{67F9D3A8-F71E-4428-913F-C37AE82CDB24}.Debug|iPhoneSimulator.Build.0 = Debug|Any CPU
		{67F9D3A8-F71E-4428-913F-C37AE82CDB24}.Debug|x64.ActiveCfg = Debug|Any CPU
		{67F9D3A8-F71E-4428-913F-C37AE82CDB24}.Debug|x64.Build.0 = Debug|Any CPU
		{67F9D3A8-F71E-4428-913F-C37AE82CDB24}.Debug|x86.ActiveCfg = Debug|Any CPU
		{67F9D3A8-F71E-4428-913F-C37AE82CDB24}.Debug|x86.Build.0 = Debug|Any CPU
		{67F9D3A8-F71E-4428-913F-C37AE82CDB24}.Release|Any CPU.ActiveCfg = Release|Any CPU
		{67F9D3A8-F71E-4428-913F-C37AE82CDB24}.Release|Any CPU.Build.0 = Release|Any CPU
		{67F9D3A8-F71E-4428-913F-C37AE82CDB24}.Release|ARM.ActiveCfg = Release|Any CPU
		{67F9D3A8-F71E-4428-913F-C37AE82CDB24}.Release|ARM.Build.0 = Release|Any CPU
		{67F9D3A8-F71E-4428-913F-C37AE82CDB24}.Release|iPhone.ActiveCfg = Release|Any CPU
		{67F9D3A8-F71E-4428-913F-C37AE82CDB24}.Release|iPhone.Build.0 = Release|Any CPU
		{67F9D3A8-F71E-4428-913F-C37AE82CDB24}.Release|iPhoneSimulator.ActiveCfg = Release|Any CPU
		{67F9D3A8-F71E-4428-913F-C37AE82CDB24}.Release|iPhoneSimulator.Build.0 = Release|Any CPU
		{67F9D3A8-F71E-4428-913F-C37AE82CDB24}.Release|x64.ActiveCfg = Release|Any CPU
		{67F9D3A8-F71E-4428-913F-C37AE82CDB24}.Release|x64.Build.0 = Release|Any CPU
		{67F9D3A8-F71E-4428-913F-C37AE82CDB24}.Release|x86.ActiveCfg = Release|Any CPU
		{67F9D3A8-F71E-4428-913F-C37AE82CDB24}.Release|x86.Build.0 = Release|Any CPU
		{67F9D3A8-F71E-4428-913F-C37AE82CDB24}.Turkey|Any CPU.ActiveCfg = Debug|Any CPU
		{67F9D3A8-F71E-4428-913F-C37AE82CDB24}.Turkey|Any CPU.Build.0 = Debug|Any CPU
		{0E16E70A-D6DD-4323-AD5D-363ABFF42D6A}.AppStore|Any CPU.ActiveCfg = Release|Any CPU
		{0E16E70A-D6DD-4323-AD5D-363ABFF42D6A}.AppStore|Any CPU.Build.0 = Release|Any CPU
		{0E16E70A-D6DD-4323-AD5D-363ABFF42D6A}.AppStore|ARM.ActiveCfg = Release|Any CPU
		{0E16E70A-D6DD-4323-AD5D-363ABFF42D6A}.AppStore|ARM.Build.0 = Release|Any CPU
		{0E16E70A-D6DD-4323-AD5D-363ABFF42D6A}.AppStore|iPhone.ActiveCfg = Release|Any CPU
		{0E16E70A-D6DD-4323-AD5D-363ABFF42D6A}.AppStore|iPhone.Build.0 = Release|Any CPU
		{0E16E70A-D6DD-4323-AD5D-363ABFF42D6A}.AppStore|iPhoneSimulator.ActiveCfg = Release|Any CPU
		{0E16E70A-D6DD-4323-AD5D-363ABFF42D6A}.AppStore|iPhoneSimulator.Build.0 = Release|Any CPU
		{0E16E70A-D6DD-4323-AD5D-363ABFF42D6A}.AppStore|x64.ActiveCfg = Debug|Any CPU
		{0E16E70A-D6DD-4323-AD5D-363ABFF42D6A}.AppStore|x64.Build.0 = Debug|Any CPU
		{0E16E70A-D6DD-4323-AD5D-363ABFF42D6A}.AppStore|x86.ActiveCfg = Release|Any CPU
		{0E16E70A-D6DD-4323-AD5D-363ABFF42D6A}.AppStore|x86.Build.0 = Release|Any CPU
		{0E16E70A-D6DD-4323-AD5D-363ABFF42D6A}.Debug|Any CPU.ActiveCfg = Debug|Any CPU
		{0E16E70A-D6DD-4323-AD5D-363ABFF42D6A}.Debug|Any CPU.Build.0 = Debug|Any CPU
		{0E16E70A-D6DD-4323-AD5D-363ABFF42D6A}.Debug|ARM.ActiveCfg = Debug|Any CPU
		{0E16E70A-D6DD-4323-AD5D-363ABFF42D6A}.Debug|ARM.Build.0 = Debug|Any CPU
		{0E16E70A-D6DD-4323-AD5D-363ABFF42D6A}.Debug|iPhone.ActiveCfg = Debug|Any CPU
		{0E16E70A-D6DD-4323-AD5D-363ABFF42D6A}.Debug|iPhone.Build.0 = Debug|Any CPU
		{0E16E70A-D6DD-4323-AD5D-363ABFF42D6A}.Debug|iPhoneSimulator.ActiveCfg = Debug|Any CPU
		{0E16E70A-D6DD-4323-AD5D-363ABFF42D6A}.Debug|iPhoneSimulator.Build.0 = Debug|Any CPU
		{0E16E70A-D6DD-4323-AD5D-363ABFF42D6A}.Debug|x64.ActiveCfg = Debug|Any CPU
		{0E16E70A-D6DD-4323-AD5D-363ABFF42D6A}.Debug|x64.Build.0 = Debug|Any CPU
		{0E16E70A-D6DD-4323-AD5D-363ABFF42D6A}.Debug|x86.ActiveCfg = Debug|Any CPU
		{0E16E70A-D6DD-4323-AD5D-363ABFF42D6A}.Debug|x86.Build.0 = Debug|Any CPU
		{0E16E70A-D6DD-4323-AD5D-363ABFF42D6A}.Release|Any CPU.ActiveCfg = Release|Any CPU
		{0E16E70A-D6DD-4323-AD5D-363ABFF42D6A}.Release|Any CPU.Build.0 = Release|Any CPU
		{0E16E70A-D6DD-4323-AD5D-363ABFF42D6A}.Release|ARM.ActiveCfg = Release|Any CPU
		{0E16E70A-D6DD-4323-AD5D-363ABFF42D6A}.Release|ARM.Build.0 = Release|Any CPU
		{0E16E70A-D6DD-4323-AD5D-363ABFF42D6A}.Release|iPhone.ActiveCfg = Release|Any CPU
		{0E16E70A-D6DD-4323-AD5D-363ABFF42D6A}.Release|iPhone.Build.0 = Release|Any CPU
		{0E16E70A-D6DD-4323-AD5D-363ABFF42D6A}.Release|iPhoneSimulator.ActiveCfg = Release|Any CPU
		{0E16E70A-D6DD-4323-AD5D-363ABFF42D6A}.Release|iPhoneSimulator.Build.0 = Release|Any CPU
		{0E16E70A-D6DD-4323-AD5D-363ABFF42D6A}.Release|x64.ActiveCfg = Release|Any CPU
		{0E16E70A-D6DD-4323-AD5D-363ABFF42D6A}.Release|x64.Build.0 = Release|Any CPU
		{0E16E70A-D6DD-4323-AD5D-363ABFF42D6A}.Release|x86.ActiveCfg = Release|Any CPU
		{0E16E70A-D6DD-4323-AD5D-363ABFF42D6A}.Release|x86.Build.0 = Release|Any CPU
		{0E16E70A-D6DD-4323-AD5D-363ABFF42D6A}.Turkey|Any CPU.ActiveCfg = Turkey|Any CPU
		{0E16E70A-D6DD-4323-AD5D-363ABFF42D6A}.Turkey|Any CPU.Build.0 = Turkey|Any CPU
		{57B8B73D-C3B5-4C42-869E-7B2F17D354AC}.AppStore|Any CPU.ActiveCfg = Release|Any CPU
		{57B8B73D-C3B5-4C42-869E-7B2F17D354AC}.AppStore|Any CPU.Build.0 = Release|Any CPU
		{57B8B73D-C3B5-4C42-869E-7B2F17D354AC}.AppStore|ARM.ActiveCfg = Release|Any CPU
		{57B8B73D-C3B5-4C42-869E-7B2F17D354AC}.AppStore|ARM.Build.0 = Release|Any CPU
		{57B8B73D-C3B5-4C42-869E-7B2F17D354AC}.AppStore|iPhone.ActiveCfg = Release|Any CPU
		{57B8B73D-C3B5-4C42-869E-7B2F17D354AC}.AppStore|iPhone.Build.0 = Release|Any CPU
		{57B8B73D-C3B5-4C42-869E-7B2F17D354AC}.AppStore|iPhoneSimulator.ActiveCfg = Release|Any CPU
		{57B8B73D-C3B5-4C42-869E-7B2F17D354AC}.AppStore|iPhoneSimulator.Build.0 = Release|Any CPU
		{57B8B73D-C3B5-4C42-869E-7B2F17D354AC}.AppStore|x64.ActiveCfg = Debug|Any CPU
		{57B8B73D-C3B5-4C42-869E-7B2F17D354AC}.AppStore|x64.Build.0 = Debug|Any CPU
		{57B8B73D-C3B5-4C42-869E-7B2F17D354AC}.AppStore|x86.ActiveCfg = Release|Any CPU
		{57B8B73D-C3B5-4C42-869E-7B2F17D354AC}.AppStore|x86.Build.0 = Release|Any CPU
		{57B8B73D-C3B5-4C42-869E-7B2F17D354AC}.Debug|Any CPU.ActiveCfg = Debug|Any CPU
		{57B8B73D-C3B5-4C42-869E-7B2F17D354AC}.Debug|Any CPU.Build.0 = Debug|Any CPU
		{57B8B73D-C3B5-4C42-869E-7B2F17D354AC}.Debug|ARM.ActiveCfg = Debug|Any CPU
		{57B8B73D-C3B5-4C42-869E-7B2F17D354AC}.Debug|ARM.Build.0 = Debug|Any CPU
		{57B8B73D-C3B5-4C42-869E-7B2F17D354AC}.Debug|iPhone.ActiveCfg = Debug|Any CPU
		{57B8B73D-C3B5-4C42-869E-7B2F17D354AC}.Debug|iPhone.Build.0 = Debug|Any CPU
		{57B8B73D-C3B5-4C42-869E-7B2F17D354AC}.Debug|iPhoneSimulator.ActiveCfg = Debug|Any CPU
		{57B8B73D-C3B5-4C42-869E-7B2F17D354AC}.Debug|iPhoneSimulator.Build.0 = Debug|Any CPU
		{57B8B73D-C3B5-4C42-869E-7B2F17D354AC}.Debug|x64.ActiveCfg = Debug|Any CPU
		{57B8B73D-C3B5-4C42-869E-7B2F17D354AC}.Debug|x64.Build.0 = Debug|Any CPU
		{57B8B73D-C3B5-4C42-869E-7B2F17D354AC}.Debug|x86.ActiveCfg = Debug|Any CPU
		{57B8B73D-C3B5-4C42-869E-7B2F17D354AC}.Debug|x86.Build.0 = Debug|Any CPU
		{57B8B73D-C3B5-4C42-869E-7B2F17D354AC}.Release|Any CPU.ActiveCfg = Release|Any CPU
		{57B8B73D-C3B5-4C42-869E-7B2F17D354AC}.Release|Any CPU.Build.0 = Release|Any CPU
		{57B8B73D-C3B5-4C42-869E-7B2F17D354AC}.Release|ARM.ActiveCfg = Release|Any CPU
		{57B8B73D-C3B5-4C42-869E-7B2F17D354AC}.Release|ARM.Build.0 = Release|Any CPU
		{57B8B73D-C3B5-4C42-869E-7B2F17D354AC}.Release|iPhone.ActiveCfg = Release|Any CPU
		{57B8B73D-C3B5-4C42-869E-7B2F17D354AC}.Release|iPhone.Build.0 = Release|Any CPU
		{57B8B73D-C3B5-4C42-869E-7B2F17D354AC}.Release|iPhoneSimulator.ActiveCfg = Release|Any CPU
		{57B8B73D-C3B5-4C42-869E-7B2F17D354AC}.Release|iPhoneSimulator.Build.0 = Release|Any CPU
		{57B8B73D-C3B5-4C42-869E-7B2F17D354AC}.Release|x64.ActiveCfg = Release|Any CPU
		{57B8B73D-C3B5-4C42-869E-7B2F17D354AC}.Release|x64.Build.0 = Release|Any CPU
		{57B8B73D-C3B5-4C42-869E-7B2F17D354AC}.Release|x86.ActiveCfg = Release|Any CPU
		{57B8B73D-C3B5-4C42-869E-7B2F17D354AC}.Release|x86.Build.0 = Release|Any CPU
		{57B8B73D-C3B5-4C42-869E-7B2F17D354AC}.Turkey|Any CPU.ActiveCfg = Turkey|Any CPU
		{57B8B73D-C3B5-4C42-869E-7B2F17D354AC}.Turkey|Any CPU.Build.0 = Turkey|Any CPU
		{3B72465B-ACAE-43AE-9327-10F372FE5F80}.AppStore|Any CPU.ActiveCfg = Release|Any CPU
		{3B72465B-ACAE-43AE-9327-10F372FE5F80}.AppStore|Any CPU.Build.0 = Release|Any CPU
		{3B72465B-ACAE-43AE-9327-10F372FE5F80}.AppStore|ARM.ActiveCfg = Release|Any CPU
		{3B72465B-ACAE-43AE-9327-10F372FE5F80}.AppStore|ARM.Build.0 = Release|Any CPU
		{3B72465B-ACAE-43AE-9327-10F372FE5F80}.AppStore|iPhone.ActiveCfg = Release|Any CPU
		{3B72465B-ACAE-43AE-9327-10F372FE5F80}.AppStore|iPhone.Build.0 = Release|Any CPU
		{3B72465B-ACAE-43AE-9327-10F372FE5F80}.AppStore|iPhoneSimulator.ActiveCfg = Release|Any CPU
		{3B72465B-ACAE-43AE-9327-10F372FE5F80}.AppStore|iPhoneSimulator.Build.0 = Release|Any CPU
		{3B72465B-ACAE-43AE-9327-10F372FE5F80}.AppStore|x64.ActiveCfg = Debug|Any CPU
		{3B72465B-ACAE-43AE-9327-10F372FE5F80}.AppStore|x64.Build.0 = Debug|Any CPU
		{3B72465B-ACAE-43AE-9327-10F372FE5F80}.AppStore|x86.ActiveCfg = Release|Any CPU
		{3B72465B-ACAE-43AE-9327-10F372FE5F80}.AppStore|x86.Build.0 = Release|Any CPU
		{3B72465B-ACAE-43AE-9327-10F372FE5F80}.Debug|Any CPU.ActiveCfg = Debug|Any CPU
		{3B72465B-ACAE-43AE-9327-10F372FE5F80}.Debug|Any CPU.Build.0 = Debug|Any CPU
		{3B72465B-ACAE-43AE-9327-10F372FE5F80}.Debug|ARM.ActiveCfg = Debug|Any CPU
		{3B72465B-ACAE-43AE-9327-10F372FE5F80}.Debug|ARM.Build.0 = Debug|Any CPU
		{3B72465B-ACAE-43AE-9327-10F372FE5F80}.Debug|iPhone.ActiveCfg = Debug|Any CPU
		{3B72465B-ACAE-43AE-9327-10F372FE5F80}.Debug|iPhone.Build.0 = Debug|Any CPU
		{3B72465B-ACAE-43AE-9327-10F372FE5F80}.Debug|iPhoneSimulator.ActiveCfg = Debug|Any CPU
		{3B72465B-ACAE-43AE-9327-10F372FE5F80}.Debug|iPhoneSimulator.Build.0 = Debug|Any CPU
		{3B72465B-ACAE-43AE-9327-10F372FE5F80}.Debug|x64.ActiveCfg = Debug|Any CPU
		{3B72465B-ACAE-43AE-9327-10F372FE5F80}.Debug|x64.Build.0 = Debug|Any CPU
		{3B72465B-ACAE-43AE-9327-10F372FE5F80}.Debug|x86.ActiveCfg = Debug|Any CPU
		{3B72465B-ACAE-43AE-9327-10F372FE5F80}.Debug|x86.Build.0 = Debug|Any CPU
		{3B72465B-ACAE-43AE-9327-10F372FE5F80}.Release|Any CPU.ActiveCfg = Release|Any CPU
		{3B72465B-ACAE-43AE-9327-10F372FE5F80}.Release|Any CPU.Build.0 = Release|Any CPU
		{3B72465B-ACAE-43AE-9327-10F372FE5F80}.Release|ARM.ActiveCfg = Release|Any CPU
		{3B72465B-ACAE-43AE-9327-10F372FE5F80}.Release|ARM.Build.0 = Release|Any CPU
		{3B72465B-ACAE-43AE-9327-10F372FE5F80}.Release|iPhone.ActiveCfg = Release|Any CPU
		{3B72465B-ACAE-43AE-9327-10F372FE5F80}.Release|iPhone.Build.0 = Release|Any CPU
		{3B72465B-ACAE-43AE-9327-10F372FE5F80}.Release|iPhoneSimulator.ActiveCfg = Release|Any CPU
		{3B72465B-ACAE-43AE-9327-10F372FE5F80}.Release|iPhoneSimulator.Build.0 = Release|Any CPU
		{3B72465B-ACAE-43AE-9327-10F372FE5F80}.Release|x64.ActiveCfg = Release|Any CPU
		{3B72465B-ACAE-43AE-9327-10F372FE5F80}.Release|x64.Build.0 = Release|Any CPU
		{3B72465B-ACAE-43AE-9327-10F372FE5F80}.Release|x86.ActiveCfg = Release|Any CPU
		{3B72465B-ACAE-43AE-9327-10F372FE5F80}.Release|x86.Build.0 = Release|Any CPU
		{3B72465B-ACAE-43AE-9327-10F372FE5F80}.Turkey|Any CPU.ActiveCfg = Turkey|Any CPU
		{3B72465B-ACAE-43AE-9327-10F372FE5F80}.Turkey|Any CPU.Build.0 = Turkey|Any CPU
		{67F9D3B9-F71E-4428-913F-C37AE82CDB24}.AppStore|Any CPU.ActiveCfg = Release|Any CPU
		{67F9D3B9-F71E-4428-913F-C37AE82CDB24}.AppStore|Any CPU.Build.0 = Release|Any CPU
		{67F9D3B9-F71E-4428-913F-C37AE82CDB24}.AppStore|ARM.ActiveCfg = Release|Any CPU
		{67F9D3B9-F71E-4428-913F-C37AE82CDB24}.AppStore|ARM.Build.0 = Release|Any CPU
		{67F9D3B9-F71E-4428-913F-C37AE82CDB24}.AppStore|iPhone.ActiveCfg = Release|Any CPU
		{67F9D3B9-F71E-4428-913F-C37AE82CDB24}.AppStore|iPhone.Build.0 = Release|Any CPU
		{67F9D3B9-F71E-4428-913F-C37AE82CDB24}.AppStore|iPhoneSimulator.ActiveCfg = Release|Any CPU
		{67F9D3B9-F71E-4428-913F-C37AE82CDB24}.AppStore|iPhoneSimulator.Build.0 = Release|Any CPU
		{67F9D3B9-F71E-4428-913F-C37AE82CDB24}.AppStore|x64.ActiveCfg = Debug|Any CPU
		{67F9D3B9-F71E-4428-913F-C37AE82CDB24}.AppStore|x64.Build.0 = Debug|Any CPU
		{67F9D3B9-F71E-4428-913F-C37AE82CDB24}.AppStore|x86.ActiveCfg = Release|Any CPU
		{67F9D3B9-F71E-4428-913F-C37AE82CDB24}.AppStore|x86.Build.0 = Release|Any CPU
		{67F9D3B9-F71E-4428-913F-C37AE82CDB24}.Debug|Any CPU.ActiveCfg = Debug|Any CPU
		{67F9D3B9-F71E-4428-913F-C37AE82CDB24}.Debug|Any CPU.Build.0 = Debug|Any CPU
		{67F9D3B9-F71E-4428-913F-C37AE82CDB24}.Debug|ARM.ActiveCfg = Debug|Any CPU
		{67F9D3B9-F71E-4428-913F-C37AE82CDB24}.Debug|ARM.Build.0 = Debug|Any CPU
		{67F9D3B9-F71E-4428-913F-C37AE82CDB24}.Debug|iPhone.ActiveCfg = Debug|Any CPU
		{67F9D3B9-F71E-4428-913F-C37AE82CDB24}.Debug|iPhone.Build.0 = Debug|Any CPU
		{67F9D3B9-F71E-4428-913F-C37AE82CDB24}.Debug|iPhoneSimulator.ActiveCfg = Debug|Any CPU
		{67F9D3B9-F71E-4428-913F-C37AE82CDB24}.Debug|iPhoneSimulator.Build.0 = Debug|Any CPU
		{67F9D3B9-F71E-4428-913F-C37AE82CDB24}.Debug|x64.ActiveCfg = Debug|Any CPU
		{67F9D3B9-F71E-4428-913F-C37AE82CDB24}.Debug|x64.Build.0 = Debug|Any CPU
		{67F9D3B9-F71E-4428-913F-C37AE82CDB24}.Debug|x86.ActiveCfg = Debug|Any CPU
		{67F9D3B9-F71E-4428-913F-C37AE82CDB24}.Debug|x86.Build.0 = Debug|Any CPU
		{67F9D3B9-F71E-4428-913F-C37AE82CDB24}.Release|Any CPU.ActiveCfg = Release|Any CPU
		{67F9D3B9-F71E-4428-913F-C37AE82CDB24}.Release|Any CPU.Build.0 = Release|Any CPU
		{67F9D3B9-F71E-4428-913F-C37AE82CDB24}.Release|ARM.ActiveCfg = Release|Any CPU
		{67F9D3B9-F71E-4428-913F-C37AE82CDB24}.Release|ARM.Build.0 = Release|Any CPU
		{67F9D3B9-F71E-4428-913F-C37AE82CDB24}.Release|iPhone.ActiveCfg = Release|Any CPU
		{67F9D3B9-F71E-4428-913F-C37AE82CDB24}.Release|iPhone.Build.0 = Release|Any CPU
		{67F9D3B9-F71E-4428-913F-C37AE82CDB24}.Release|iPhoneSimulator.ActiveCfg = Release|Any CPU
		{67F9D3B9-F71E-4428-913F-C37AE82CDB24}.Release|iPhoneSimulator.Build.0 = Release|Any CPU
		{67F9D3B9-F71E-4428-913F-C37AE82CDB24}.Release|x64.ActiveCfg = Release|Any CPU
		{67F9D3B9-F71E-4428-913F-C37AE82CDB24}.Release|x64.Build.0 = Release|Any CPU
		{67F9D3B9-F71E-4428-913F-C37AE82CDB24}.Release|x86.ActiveCfg = Release|Any CPU
		{67F9D3B9-F71E-4428-913F-C37AE82CDB24}.Release|x86.Build.0 = Release|Any CPU
		{67F9D3B9-F71E-4428-913F-C37AE82CDB24}.Turkey|Any CPU.ActiveCfg = Debug|Any CPU
		{67F9D3B9-F71E-4428-913F-C37AE82CDB24}.Turkey|Any CPU.Build.0 = Debug|Any CPU
		{9B50E089-12BA-4DC0-902E-663FE4E6BC5A}.AppStore|Any CPU.ActiveCfg = Release|iPhoneSimulator
		{9B50E089-12BA-4DC0-902E-663FE4E6BC5A}.AppStore|Any CPU.Build.0 = Release|iPhoneSimulator
		{9B50E089-12BA-4DC0-902E-663FE4E6BC5A}.AppStore|ARM.ActiveCfg = Release|iPhoneSimulator
		{9B50E089-12BA-4DC0-902E-663FE4E6BC5A}.AppStore|ARM.Build.0 = Release|iPhoneSimulator
		{9B50E089-12BA-4DC0-902E-663FE4E6BC5A}.AppStore|iPhone.ActiveCfg = Release|iPhone
		{9B50E089-12BA-4DC0-902E-663FE4E6BC5A}.AppStore|iPhone.Build.0 = Release|iPhone
		{9B50E089-12BA-4DC0-902E-663FE4E6BC5A}.AppStore|iPhoneSimulator.ActiveCfg = Release|iPhoneSimulator
		{9B50E089-12BA-4DC0-902E-663FE4E6BC5A}.AppStore|iPhoneSimulator.Build.0 = Release|iPhoneSimulator
		{9B50E089-12BA-4DC0-902E-663FE4E6BC5A}.AppStore|x64.ActiveCfg = Debug|iPhoneSimulator
		{9B50E089-12BA-4DC0-902E-663FE4E6BC5A}.AppStore|x64.Build.0 = Debug|iPhoneSimulator
		{9B50E089-12BA-4DC0-902E-663FE4E6BC5A}.AppStore|x86.ActiveCfg = Release|iPhoneSimulator
		{9B50E089-12BA-4DC0-902E-663FE4E6BC5A}.AppStore|x86.Build.0 = Release|iPhoneSimulator
		{9B50E089-12BA-4DC0-902E-663FE4E6BC5A}.Debug|Any CPU.ActiveCfg = Debug|iPhone
		{9B50E089-12BA-4DC0-902E-663FE4E6BC5A}.Debug|ARM.ActiveCfg = Debug|iPhone
		{9B50E089-12BA-4DC0-902E-663FE4E6BC5A}.Debug|iPhone.ActiveCfg = Debug|iPhone
		{9B50E089-12BA-4DC0-902E-663FE4E6BC5A}.Debug|iPhone.Build.0 = Debug|iPhone
		{9B50E089-12BA-4DC0-902E-663FE4E6BC5A}.Debug|iPhoneSimulator.ActiveCfg = Debug|iPhoneSimulator
		{9B50E089-12BA-4DC0-902E-663FE4E6BC5A}.Debug|iPhoneSimulator.Build.0 = Debug|iPhoneSimulator
		{9B50E089-12BA-4DC0-902E-663FE4E6BC5A}.Debug|x64.ActiveCfg = Debug|iPhoneSimulator
		{9B50E089-12BA-4DC0-902E-663FE4E6BC5A}.Debug|x86.ActiveCfg = Debug|iPhone
		{9B50E089-12BA-4DC0-902E-663FE4E6BC5A}.Release|Any CPU.ActiveCfg = Release|iPhone
		{9B50E089-12BA-4DC0-902E-663FE4E6BC5A}.Release|ARM.ActiveCfg = Release|iPhone
		{9B50E089-12BA-4DC0-902E-663FE4E6BC5A}.Release|iPhone.ActiveCfg = Release|iPhone
		{9B50E089-12BA-4DC0-902E-663FE4E6BC5A}.Release|iPhone.Build.0 = Release|iPhone
		{9B50E089-12BA-4DC0-902E-663FE4E6BC5A}.Release|iPhoneSimulator.ActiveCfg = Release|iPhoneSimulator
		{9B50E089-12BA-4DC0-902E-663FE4E6BC5A}.Release|iPhoneSimulator.Build.0 = Release|iPhoneSimulator
		{9B50E089-12BA-4DC0-902E-663FE4E6BC5A}.Release|x64.ActiveCfg = Release|iPhone
		{9B50E089-12BA-4DC0-902E-663FE4E6BC5A}.Release|x86.ActiveCfg = Release|iPhone
		{9B50E089-12BA-4DC0-902E-663FE4E6BC5A}.Turkey|Any CPU.ActiveCfg = Debug|iPhoneSimulator
		{9B50E089-12BA-4DC0-902E-663FE4E6BC5A}.Turkey|Any CPU.Build.0 = Debug|iPhoneSimulator
		{4544A9A9-A5B2-4B0A-825D-A110359E5ED7}.AppStore|Any CPU.ActiveCfg = Release|x64
		{4544A9A9-A5B2-4B0A-825D-A110359E5ED7}.AppStore|Any CPU.Build.0 = Release|x64
		{4544A9A9-A5B2-4B0A-825D-A110359E5ED7}.AppStore|Any CPU.Deploy.0 = Release|x64
		{4544A9A9-A5B2-4B0A-825D-A110359E5ED7}.AppStore|ARM.ActiveCfg = Release|ARM
		{4544A9A9-A5B2-4B0A-825D-A110359E5ED7}.AppStore|ARM.Build.0 = Release|ARM
		{4544A9A9-A5B2-4B0A-825D-A110359E5ED7}.AppStore|ARM.Deploy.0 = Release|ARM
		{4544A9A9-A5B2-4B0A-825D-A110359E5ED7}.AppStore|iPhone.ActiveCfg = Release|x64
		{4544A9A9-A5B2-4B0A-825D-A110359E5ED7}.AppStore|iPhone.Build.0 = Release|x64
		{4544A9A9-A5B2-4B0A-825D-A110359E5ED7}.AppStore|iPhone.Deploy.0 = Release|x64
		{4544A9A9-A5B2-4B0A-825D-A110359E5ED7}.AppStore|iPhoneSimulator.ActiveCfg = Release|x64
		{4544A9A9-A5B2-4B0A-825D-A110359E5ED7}.AppStore|iPhoneSimulator.Build.0 = Release|x64
		{4544A9A9-A5B2-4B0A-825D-A110359E5ED7}.AppStore|iPhoneSimulator.Deploy.0 = Release|x64
		{4544A9A9-A5B2-4B0A-825D-A110359E5ED7}.AppStore|x64.ActiveCfg = Release|x64
		{4544A9A9-A5B2-4B0A-825D-A110359E5ED7}.AppStore|x64.Build.0 = Release|x64
		{4544A9A9-A5B2-4B0A-825D-A110359E5ED7}.AppStore|x64.Deploy.0 = Release|x64
		{4544A9A9-A5B2-4B0A-825D-A110359E5ED7}.AppStore|x86.ActiveCfg = Release|x86
		{4544A9A9-A5B2-4B0A-825D-A110359E5ED7}.AppStore|x86.Build.0 = Release|x86
		{4544A9A9-A5B2-4B0A-825D-A110359E5ED7}.AppStore|x86.Deploy.0 = Release|x86
		{4544A9A9-A5B2-4B0A-825D-A110359E5ED7}.Debug|Any CPU.ActiveCfg = Debug|x86
		{4544A9A9-A5B2-4B0A-825D-A110359E5ED7}.Debug|Any CPU.Build.0 = Debug|x86
		{4544A9A9-A5B2-4B0A-825D-A110359E5ED7}.Debug|Any CPU.Deploy.0 = Debug|x86
		{4544A9A9-A5B2-4B0A-825D-A110359E5ED7}.Debug|ARM.ActiveCfg = Debug|ARM
		{4544A9A9-A5B2-4B0A-825D-A110359E5ED7}.Debug|ARM.Build.0 = Debug|ARM
		{4544A9A9-A5B2-4B0A-825D-A110359E5ED7}.Debug|ARM.Deploy.0 = Debug|ARM
		{4544A9A9-A5B2-4B0A-825D-A110359E5ED7}.Debug|iPhone.ActiveCfg = Debug|x86
		{4544A9A9-A5B2-4B0A-825D-A110359E5ED7}.Debug|iPhoneSimulator.ActiveCfg = Debug|x86
		{4544A9A9-A5B2-4B0A-825D-A110359E5ED7}.Debug|x64.ActiveCfg = Debug|x64
		{4544A9A9-A5B2-4B0A-825D-A110359E5ED7}.Debug|x64.Build.0 = Debug|x64
		{4544A9A9-A5B2-4B0A-825D-A110359E5ED7}.Debug|x64.Deploy.0 = Debug|x64
		{4544A9A9-A5B2-4B0A-825D-A110359E5ED7}.Debug|x86.ActiveCfg = Debug|x86
		{4544A9A9-A5B2-4B0A-825D-A110359E5ED7}.Debug|x86.Build.0 = Debug|x86
		{4544A9A9-A5B2-4B0A-825D-A110359E5ED7}.Debug|x86.Deploy.0 = Debug|x86
		{4544A9A9-A5B2-4B0A-825D-A110359E5ED7}.Release|Any CPU.ActiveCfg = Release|x86
		{4544A9A9-A5B2-4B0A-825D-A110359E5ED7}.Release|ARM.ActiveCfg = Release|ARM
		{4544A9A9-A5B2-4B0A-825D-A110359E5ED7}.Release|ARM.Build.0 = Release|ARM
		{4544A9A9-A5B2-4B0A-825D-A110359E5ED7}.Release|ARM.Deploy.0 = Release|ARM
		{4544A9A9-A5B2-4B0A-825D-A110359E5ED7}.Release|iPhone.ActiveCfg = Release|x86
		{4544A9A9-A5B2-4B0A-825D-A110359E5ED7}.Release|iPhoneSimulator.ActiveCfg = Release|x86
		{4544A9A9-A5B2-4B0A-825D-A110359E5ED7}.Release|x64.ActiveCfg = Release|x64
		{4544A9A9-A5B2-4B0A-825D-A110359E5ED7}.Release|x64.Build.0 = Release|x64
		{4544A9A9-A5B2-4B0A-825D-A110359E5ED7}.Release|x64.Deploy.0 = Release|x64
		{4544A9A9-A5B2-4B0A-825D-A110359E5ED7}.Release|x86.ActiveCfg = Release|x86
		{4544A9A9-A5B2-4B0A-825D-A110359E5ED7}.Release|x86.Build.0 = Release|x86
		{4544A9A9-A5B2-4B0A-825D-A110359E5ED7}.Release|x86.Deploy.0 = Release|x86
		{4544A9A9-A5B2-4B0A-825D-A110359E5ED7}.Turkey|Any CPU.ActiveCfg = Debug|x86
		{4544A9A9-A5B2-4B0A-825D-A110359E5ED7}.Turkey|Any CPU.Build.0 = Debug|x86
		{9DB2F292-8034-4E06-89AD-98BBDA4306B9}.AppStore|Any CPU.ActiveCfg = Release|Any CPU
		{9DB2F292-8034-4E06-89AD-98BBDA4306B9}.AppStore|Any CPU.Build.0 = Release|Any CPU
		{9DB2F292-8034-4E06-89AD-98BBDA4306B9}.AppStore|ARM.ActiveCfg = Release|Any CPU
		{9DB2F292-8034-4E06-89AD-98BBDA4306B9}.AppStore|ARM.Build.0 = Release|Any CPU
		{9DB2F292-8034-4E06-89AD-98BBDA4306B9}.AppStore|iPhone.ActiveCfg = Release|Any CPU
		{9DB2F292-8034-4E06-89AD-98BBDA4306B9}.AppStore|iPhone.Build.0 = Release|Any CPU
		{9DB2F292-8034-4E06-89AD-98BBDA4306B9}.AppStore|iPhoneSimulator.ActiveCfg = Release|Any CPU
		{9DB2F292-8034-4E06-89AD-98BBDA4306B9}.AppStore|iPhoneSimulator.Build.0 = Release|Any CPU
		{9DB2F292-8034-4E06-89AD-98BBDA4306B9}.AppStore|x64.ActiveCfg = Debug|Any CPU
		{9DB2F292-8034-4E06-89AD-98BBDA4306B9}.AppStore|x64.Build.0 = Debug|Any CPU
		{9DB2F292-8034-4E06-89AD-98BBDA4306B9}.AppStore|x86.ActiveCfg = Release|Any CPU
		{9DB2F292-8034-4E06-89AD-98BBDA4306B9}.AppStore|x86.Build.0 = Release|Any CPU
		{9DB2F292-8034-4E06-89AD-98BBDA4306B9}.Debug|Any CPU.ActiveCfg = Debug|Any CPU
		{9DB2F292-8034-4E06-89AD-98BBDA4306B9}.Debug|Any CPU.Build.0 = Debug|Any CPU
		{9DB2F292-8034-4E06-89AD-98BBDA4306B9}.Debug|ARM.ActiveCfg = Debug|Any CPU
		{9DB2F292-8034-4E06-89AD-98BBDA4306B9}.Debug|ARM.Build.0 = Debug|Any CPU
		{9DB2F292-8034-4E06-89AD-98BBDA4306B9}.Debug|iPhone.ActiveCfg = Debug|Any CPU
		{9DB2F292-8034-4E06-89AD-98BBDA4306B9}.Debug|iPhone.Build.0 = Debug|Any CPU
		{9DB2F292-8034-4E06-89AD-98BBDA4306B9}.Debug|iPhoneSimulator.ActiveCfg = Debug|Any CPU
		{9DB2F292-8034-4E06-89AD-98BBDA4306B9}.Debug|iPhoneSimulator.Build.0 = Debug|Any CPU
		{9DB2F292-8034-4E06-89AD-98BBDA4306B9}.Debug|x64.ActiveCfg = Debug|Any CPU
		{9DB2F292-8034-4E06-89AD-98BBDA4306B9}.Debug|x64.Build.0 = Debug|Any CPU
		{9DB2F292-8034-4E06-89AD-98BBDA4306B9}.Debug|x86.ActiveCfg = Debug|Any CPU
		{9DB2F292-8034-4E06-89AD-98BBDA4306B9}.Debug|x86.Build.0 = Debug|Any CPU
		{9DB2F292-8034-4E06-89AD-98BBDA4306B9}.Release|Any CPU.ActiveCfg = Release|Any CPU
		{9DB2F292-8034-4E06-89AD-98BBDA4306B9}.Release|Any CPU.Build.0 = Release|Any CPU
		{9DB2F292-8034-4E06-89AD-98BBDA4306B9}.Release|ARM.ActiveCfg = Release|Any CPU
		{9DB2F292-8034-4E06-89AD-98BBDA4306B9}.Release|ARM.Build.0 = Release|Any CPU
		{9DB2F292-8034-4E06-89AD-98BBDA4306B9}.Release|iPhone.ActiveCfg = Release|Any CPU
		{9DB2F292-8034-4E06-89AD-98BBDA4306B9}.Release|iPhone.Build.0 = Release|Any CPU
		{9DB2F292-8034-4E06-89AD-98BBDA4306B9}.Release|iPhoneSimulator.ActiveCfg = Release|Any CPU
		{9DB2F292-8034-4E06-89AD-98BBDA4306B9}.Release|iPhoneSimulator.Build.0 = Release|Any CPU
		{9DB2F292-8034-4E06-89AD-98BBDA4306B9}.Release|x64.ActiveCfg = Release|Any CPU
		{9DB2F292-8034-4E06-89AD-98BBDA4306B9}.Release|x64.Build.0 = Release|Any CPU
		{9DB2F292-8034-4E06-89AD-98BBDA4306B9}.Release|x86.ActiveCfg = Release|Any CPU
		{9DB2F292-8034-4E06-89AD-98BBDA4306B9}.Release|x86.Build.0 = Release|Any CPU
		{9DB2F292-8034-4E06-89AD-98BBDA4306B9}.Turkey|Any CPU.ActiveCfg = Turkey|Any CPU
		{9DB2F292-8034-4E06-89AD-98BBDA4306B9}.Turkey|Any CPU.Build.0 = Turkey|Any CPU
	EndGlobalSection
	GlobalSection(SolutionProperties) = preSolution
		HideSolutionNode = FALSE
	EndGlobalSection
EndGlobal
